
Microsoft Visual Studio Solution File, Format Version 12.00
# Visual Studio Version 17
VisualStudioVersion = 17.5.002.0
MinimumVisualStudioVersion = 10.0.40219.1
Project("{2150E333-8FDC-42A3-9474-1A3956D46DE8}") = "csharp-prep", "csharp-prep", "{21488D03-4296-436F-AE72-D47D0C99E1E0}"
EndProject
Project("{9A19103F-16F7-4668-BE54-9A1E7A4F7556}") = "Prep1", "csharp-prep\Prep1\Prep1.csproj", "{E924E89D-676A-4225-8760-A48E351077EE}"
EndProject
Project("{9A19103F-16F7-4668-BE54-9A1E7A4F7556}") = "Prep2", "csharp-prep\Prep2\Prep2.csproj", "{E23A5D03-8D06-4200-B162-80FB5907F310}"
EndProject
Project("{9A19103F-16F7-4668-BE54-9A1E7A4F7556}") = "Prep3", "csharp-prep\Prep3\Prep3.csproj", "{FDE21601-B8A2-4C12-A9D4-E1BC10B38FB5}"
EndProject
Project("{9A19103F-16F7-4668-BE54-9A1E7A4F7556}") = "Prep4", "csharp-prep\Prep4\Prep4.csproj", "{593E4A26-3102-481C-9FC6-7CE8C813D467}"
EndProject
Project("{9A19103F-16F7-4668-BE54-9A1E7A4F7556}") = "Prep5", "csharp-prep\Prep5\Prep5.csproj", "{EAD6A31B-158E-4802-A333-60EC4EE18DD9}"
EndProject
Project("{2150E333-8FDC-42A3-9474-1A3956D46DE8}") = "final", "final", "{76EFBBD0-836F-4685-AB3A-FED073092F50}"
EndProject
Project("{9A19103F-16F7-4668-BE54-9A1E7A4F7556}") = "FinalProject", "final\FinalProject\FinalProject.csproj", "{38CCE054-D044-4EEC-8D1D-7367C67995EB}"
EndProject
Project("{9A19103F-16F7-4668-BE54-9A1E7A4F7556}") = "Foundation1", "final\Foundation1\Foundation1.csproj", "{B7A565A6-7642-44C5-A695-9DEC8D671CB9}"
EndProject
Project("{9A19103F-16F7-4668-BE54-9A1E7A4F7556}") = "Foundation2", "final\Foundation2\Foundation2.csproj", "{773BF723-3C73-4FDE-B8A9-074D5929B29A}"
EndProject
Project("{9A19103F-16F7-4668-BE54-9A1E7A4F7556}") = "Foundation3", "final\Foundation3\Foundation3.csproj", "{254DC296-43D1-4D76-9808-DA7E440D80FC}"
EndProject
Project("{9A19103F-16F7-4668-BE54-9A1E7A4F7556}") = "Foundation4", "final\Foundation4\Foundation4.csproj", "{5ADB219E-AF51-43AA-BB58-6C87C30139A3}"
EndProject
Project("{2150E333-8FDC-42A3-9474-1A3956D46DE8}") = "prepare", "prepare", "{71C61EEF-6633-41B0-9650-FB0769750E8A}"
EndProject
Project("{9A19103F-16F7-4668-BE54-9A1E7A4F7556}") = "Learning02", "prepare\Learning02\Learning02.csproj", "{E2CDC7BE-C528-411D-BFB4-1D638FF3007D}"
EndProject
Project("{9A19103F-16F7-4668-BE54-9A1E7A4F7556}") = "Learning03", "prepare\Learning03\Learning03.csproj", "{D42E6C5A-01CA-47FF-B860-1B6DC5798D17}"
EndProject
Project("{9A19103F-16F7-4668-BE54-9A1E7A4F7556}") = "Learning04", "prepare\Learning04\Learning04.csproj", "{121E9D81-67B0-447E-90D9-0258BB14A479}"
EndProject
Project("{9A19103F-16F7-4668-BE54-9A1E7A4F7556}") = "Learning05", "prepare\Learning05\Learning05.csproj", "{3C098D05-B161-4780-95F4-9B0F23CE7D5A}"
EndProject
Project("{2150E333-8FDC-42A3-9474-1A3956D46DE8}") = "prove", "prove", "{295A91F2-4F36-43A4-A022-CD48DCFC916F}"
EndProject
Project("{9A19103F-16F7-4668-BE54-9A1E7A4F7556}") = "Develop02", "prove\Develop02\Develop02.csproj", "{C7D87328-A73C-4FE5-82A7-90308754AD50}"
EndProject
Project("{9A19103F-16F7-4668-BE54-9A1E7A4F7556}") = "Develop03", "prove\Develop03\Develop03.csproj", "{797F3CFB-04C5-4240-85B1-17B5A1F2E743}"
EndProject
Project("{9A19103F-16F7-4668-BE54-9A1E7A4F7556}") = "Develop04", "prove\Develop04\Develop04.csproj", "{598D6253-077A-4811-AB2E-EE62BCD6EA8D}"
EndProject
Project("{9A19103F-16F7-4668-BE54-9A1E7A4F7556}") = "Develop05", "prove\Develop05\Develop05.csproj", "{DD3F52D6-8E86-4A76-A678-73ED934AD08E}"
EndProject
Project("{2150E333-8FDC-42A3-9474-1A3956D46DE8}") = "sandbox", "sandbox", "{AE8E6A83-4F54-4C67-9B05-1347BCB822F1}"
EndProject
Project("{9A19103F-16F7-4668-BE54-9A1E7A4F7556}") = "Sandbox", "sandbox\Sandbox\Sandbox.csproj", "{2D220189-0D23-41AF-B6EC-7AE51BC5BE83}"
EndProject
Global
	GlobalSection(SolutionConfigurationPlatforms) = preSolution
		Debug|Any CPU = Debug|Any CPU
		Release|Any CPU = Release|Any CPU
	EndGlobalSection
	GlobalSection(ProjectConfigurationPlatforms) = postSolution
		{E924E89D-676A-4225-8760-A48E351077EE}.Debug|Any CPU.ActiveCfg = Debug|Any CPU
		{E924E89D-676A-4225-8760-A48E351077EE}.Debug|Any CPU.Build.0 = Debug|Any CPU
		{E924E89D-676A-4225-8760-A48E351077EE}.Release|Any CPU.ActiveCfg = Release|Any CPU
		{E924E89D-676A-4225-8760-A48E351077EE}.Release|Any CPU.Build.0 = Release|Any CPU
		{E23A5D03-8D06-4200-B162-80FB5907F310}.Debug|Any CPU.ActiveCfg = Debug|Any CPU
		{E23A5D03-8D06-4200-B162-80FB5907F310}.Debug|Any CPU.Build.0 = Debug|Any CPU
		{E23A5D03-8D06-4200-B162-80FB5907F310}.Release|Any CPU.ActiveCfg = Release|Any CPU
		{E23A5D03-8D06-4200-B162-80FB5907F310}.Release|Any CPU.Build.0 = Release|Any CPU
		{FDE21601-B8A2-4C12-A9D4-E1BC10B38FB5}.Debug|Any CPU.ActiveCfg = Debug|Any CPU
		{FDE21601-B8A2-4C12-A9D4-E1BC10B38FB5}.Debug|Any CPU.Build.0 = Debug|Any CPU
		{FDE21601-B8A2-4C12-A9D4-E1BC10B38FB5}.Release|Any CPU.ActiveCfg = Release|Any CPU
		{FDE21601-B8A2-4C12-A9D4-E1BC10B38FB5}.Release|Any CPU.Build.0 = Release|Any CPU
		{593E4A26-3102-481C-9FC6-7CE8C813D467}.Debug|Any CPU.ActiveCfg = Debug|Any CPU
		{593E4A26-3102-481C-9FC6-7CE8C813D467}.Debug|Any CPU.Build.0 = Debug|Any CPU
		{593E4A26-3102-481C-9FC6-7CE8C813D467}.Release|Any CPU.ActiveCfg = Release|Any CPU
		{593E4A26-3102-481C-9FC6-7CE8C813D467}.Release|Any CPU.Build.0 = Release|Any CPU
		{EAD6A31B-158E-4802-A333-60EC4EE18DD9}.Debug|Any CPU.ActiveCfg = Debug|Any CPU
		{EAD6A31B-158E-4802-A333-60EC4EE18DD9}.Debug|Any CPU.Build.0 = Debug|Any CPU
		{EAD6A31B-158E-4802-A333-60EC4EE18DD9}.Release|Any CPU.ActiveCfg = Release|Any CPU
		{EAD6A31B-158E-4802-A333-60EC4EE18DD9}.Release|Any CPU.Build.0 = Release|Any CPU
		{38CCE054-D044-4EEC-8D1D-7367C67995EB}.Debug|Any CPU.ActiveCfg = Debug|Any CPU
		{38CCE054-D044-4EEC-8D1D-7367C67995EB}.Debug|Any CPU.Build.0 = Debug|Any CPU
		{38CCE054-D044-4EEC-8D1D-7367C67995EB}.Release|Any CPU.ActiveCfg = Release|Any CPU
		{38CCE054-D044-4EEC-8D1D-7367C67995EB}.Release|Any CPU.Build.0 = Release|Any CPU
		{B7A565A6-7642-44C5-A695-9DEC8D671CB9}.Debug|Any CPU.ActiveCfg = Debug|Any CPU
		{B7A565A6-7642-44C5-A695-9DEC8D671CB9}.Debug|Any CPU.Build.0 = Debug|Any CPU
		{B7A565A6-7642-44C5-A695-9DEC8D671CB9}.Release|Any CPU.ActiveCfg = Release|Any CPU
		{B7A565A6-7642-44C5-A695-9DEC8D671CB9}.Release|Any CPU.Build.0 = Release|Any CPU
		{773BF723-3C73-4FDE-B8A9-074D5929B29A}.Debug|Any CPU.ActiveCfg = Debug|Any CPU
		{773BF723-3C73-4FDE-B8A9-074D5929B29A}.Debug|Any CPU.Build.0 = Debug|Any CPU
		{773BF723-3C73-4FDE-B8A9-074D5929B29A}.Release|Any CPU.ActiveCfg = Release|Any CPU
		{773BF723-3C73-4FDE-B8A9-074D5929B29A}.Release|Any CPU.Build.0 = Release|Any CPU
		{254DC296-43D1-4D76-9808-DA7E440D80FC}.Debug|Any CPU.ActiveCfg = Debug|Any CPU
		{254DC296-43D1-4D76-9808-DA7E440D80FC}.Debug|Any CPU.Build.0 = Debug|Any CPU
		{254DC296-43D1-4D76-9808-DA7E440D80FC}.Release|Any CPU.ActiveCfg = Release|Any CPU
		{254DC296-43D1-4D76-9808-DA7E440D80FC}.Release|Any CPU.Build.0 = Release|Any CPU
		{5ADB219E-AF51-43AA-BB58-6C87C30139A3}.Debug|Any CPU.ActiveCfg = Debug|Any CPU
		{5ADB219E-AF51-43AA-BB58-6C87C30139A3}.Debug|Any CPU.Build.0 = Debug|Any CPU
		{5ADB219E-AF51-43AA-BB58-6C87C30139A3}.Release|Any CPU.ActiveCfg = Release|Any CPU
		{5ADB219E-AF51-43AA-BB58-6C87C30139A3}.Release|Any CPU.Build.0 = Release|Any CPU
		{E2CDC7BE-C528-411D-BFB4-1D638FF3007D}.Debug|Any CPU.ActiveCfg = Debug|Any CPU
		{E2CDC7BE-C528-411D-BFB4-1D638FF3007D}.Debug|Any CPU.Build.0 = Debug|Any CPU
		{E2CDC7BE-C528-411D-BFB4-1D638FF3007D}.Release|Any CPU.ActiveCfg = Release|Any CPU
		{E2CDC7BE-C528-411D-BFB4-1D638FF3007D}.Release|Any CPU.Build.0 = Release|Any CPU
		{D42E6C5A-01CA-47FF-B860-1B6DC5798D17}.Debug|Any CPU.ActiveCfg = Debug|Any CPU
		{D42E6C5A-01CA-47FF-B860-1B6DC5798D17}.Debug|Any CPU.Build.0 = Debug|Any CPU
		{D42E6C5A-01CA-47FF-B860-1B6DC5798D17}.Release|Any CPU.ActiveCfg = Release|Any CPU
		{D42E6C5A-01CA-47FF-B860-1B6DC5798D17}.Release|Any CPU.Build.0 = Release|Any CPU
		{121E9D81-67B0-447E-90D9-0258BB14A479}.Debug|Any CPU.ActiveCfg = Debug|Any CPU
		{121E9D81-67B0-447E-90D9-0258BB14A479}.Debug|Any CPU.Build.0 = Debug|Any CPU
		{121E9D81-67B0-447E-90D9-0258BB14A479}.Release|Any CPU.ActiveCfg = Release|Any CPU
		{121E9D81-67B0-447E-90D9-0258BB14A479}.Release|Any CPU.Build.0 = Release|Any CPU
		{3C098D05-B161-4780-95F4-9B0F23CE7D5A}.Debug|Any CPU.ActiveCfg = Debug|Any CPU
		{3C098D05-B161-4780-95F4-9B0F23CE7D5A}.Debug|Any CPU.Build.0 = Debug|Any CPU
		{3C098D05-B161-4780-95F4-9B0F23CE7D5A}.Release|Any CPU.ActiveCfg = Release|Any CPU
		{3C098D05-B161-4780-95F4-9B0F23CE7D5A}.Release|Any CPU.Build.0 = Release|Any CPU
		{C7D87328-A73C-4FE5-82A7-90308754AD50}.Debug|Any CPU.ActiveCfg = Debug|Any CPU
		{C7D87328-A73C-4FE5-82A7-90308754AD50}.Debug|Any CPU.Build.0 = Debug|Any CPU
		{C7D87328-A73C-4FE5-82A7-90308754AD50}.Release|Any CPU.ActiveCfg = Release|Any CPU
		{C7D87328-A73C-4FE5-82A7-90308754AD50}.Release|Any CPU.Build.0 = Release|Any CPU
		{797F3CFB-04C5-4240-85B1-17B5A1F2E743}.Debug|Any CPU.ActiveCfg = Debug|Any CPU
		{797F3CFB-04C5-4240-85B1-17B5A1F2E743}.Debug|Any CPU.Build.0 = Debug|Any CPU
		{797F3CFB-04C5-4240-85B1-17B5A1F2E743}.Release|Any CPU.ActiveCfg = Release|Any CPU
		{797F3CFB-04C5-4240-85B1-17B5A1F2E743}.Release|Any CPU.Build.0 = Release|Any CPU
		{598D6253-077A-4811-AB2E-EE62BCD6EA8D}.Debug|Any CPU.ActiveCfg = Debug|Any CPU
		{598D6253-077A-4811-AB2E-EE62BCD6EA8D}.Debug|Any CPU.Build.0 = Debug|Any CPU
		{598D6253-077A-4811-AB2E-EE62BCD6EA8D}.Release|Any CPU.ActiveCfg = Release|Any CPU
		{598D6253-077A-4811-AB2E-EE62BCD6EA8D}.Release|Any CPU.Build.0 = Release|Any CPU
		{DD3F52D6-8E86-4A76-A678-73ED934AD08E}.Debug|Any CPU.ActiveCfg = Debug|Any CPU
		{DD3F52D6-8E86-4A76-A678-73ED934AD08E}.Debug|Any CPU.Build.0 = Debug|Any CPU
		{DD3F52D6-8E86-4A76-A678-73ED934AD08E}.Release|Any CPU.ActiveCfg = Release|Any CPU
		{DD3F52D6-8E86-4A76-A678-73ED934AD08E}.Release|Any CPU.Build.0 = Release|Any CPU
		{2D220189-0D23-41AF-B6EC-7AE51BC5BE83}.Debug|Any CPU.ActiveCfg = Debug|Any CPU
		{2D220189-0D23-41AF-B6EC-7AE51BC5BE83}.Debug|Any CPU.Build.0 = Debug|Any CPU
		{2D220189-0D23-41AF-B6EC-7AE51BC5BE83}.Release|Any CPU.ActiveCfg = Release|Any CPU
		{2D220189-0D23-41AF-B6EC-7AE51BC5BE83}.Release|Any CPU.Build.0 = Release|Any CPU
	EndGlobalSection
	GlobalSection(SolutionProperties) = preSolution
		HideSolutionNode = FALSE
	EndGlobalSection
	GlobalSection(NestedProjects) = preSolution
		{E924E89D-676A-4225-8760-A48E351077EE} = {21488D03-4296-436F-AE72-D47D0C99E1E0}
		{E23A5D03-8D06-4200-B162-80FB5907F310} = {21488D03-4296-436F-AE72-D47D0C99E1E0}
		{FDE21601-B8A2-4C12-A9D4-E1BC10B38FB5} = {21488D03-4296-436F-AE72-D47D0C99E1E0}
		{593E4A26-3102-481C-9FC6-7CE8C813D467} = {21488D03-4296-436F-AE72-D47D0C99E1E0}
		{EAD6A31B-158E-4802-A333-60EC4EE18DD9} = {21488D03-4296-436F-AE72-D47D0C99E1E0}
		{38CCE054-D044-4EEC-8D1D-7367C67995EB} = {76EFBBD0-836F-4685-AB3A-FED073092F50}
		{B7A565A6-7642-44C5-A695-9DEC8D671CB9} = {76EFBBD0-836F-4685-AB3A-FED073092F50}
		{773BF723-3C73-4FDE-B8A9-074D5929B29A} = {76EFBBD0-836F-4685-AB3A-FED073092F50}
		{254DC296-43D1-4D76-9808-DA7E440D80FC} = {76EFBBD0-836F-4685-AB3A-FED073092F50}
		{5ADB219E-AF51-43AA-BB58-6C87C30139A3} = {76EFBBD0-836F-4685-AB3A-FED073092F50}
		{E2CDC7BE-C528-411D-BFB4-1D638FF3007D} = {71C61EEF-6633-41B0-9650-FB0769750E8A}
		{D42E6C5A-01CA-47FF-B860-1B6DC5798D17} = {71C61EEF-6633-41B0-9650-FB0769750E8A}
		{121E9D81-67B0-447E-90D9-0258BB14A479} = {71C61EEF-6633-41B0-9650-FB0769750E8A}
		{3C098D05-B161-4780-95F4-9B0F23CE7D5A} = {71C61EEF-6633-41B0-9650-FB0769750E8A}
		{C7D87328-A73C-4FE5-82A7-90308754AD50} = {295A91F2-4F36-43A4-A022-CD48DCFC916F}
		{797F3CFB-04C5-4240-85B1-17B5A1F2E743} = {295A91F2-4F36-43A4-A022-CD48DCFC916F}
		{598D6253-077A-4811-AB2E-EE62BCD6EA8D} = {295A91F2-4F36-43A4-A022-CD48DCFC916F}
		{DD3F52D6-8E86-4A76-A678-73ED934AD08E} = {295A91F2-4F36-43A4-A022-CD48DCFC916F}
		{2D220189-0D23-41AF-B6EC-7AE51BC5BE83} = {AE8E6A83-4F54-4C67-9B05-1347BCB822F1}
	EndGlobalSection
	GlobalSection(ExtensibilityGlobals) = postSolution
		SolutionGuid = {1EC0F410-44A9-4726-A7CB-8097B625FBAB}
	EndGlobalSection
EndGlobal
